<?xml version="1.0" encoding="utf-8"?>
<Project ToolsVersion="4.0" xmlns="http://schemas.microsoft.com/developer/msbuild/2003">
  <ItemGroup>
    <Filter Include="Source Files">
      <UniqueIdentifier>{4FC737F1-C7A5-4376-A066-2A32D752A2FF}</UniqueIdentifier>
      <Extensions>cpp;c;cc;cxx;def;odl;idl;hpj;bat;asm;asmx</Extensions>
    </Filter>
    <Filter Include="Header Files">
      <UniqueIdentifier>{93995380-89BD-4b04-88EB-625FBE52EBFB}</UniqueIdentifier>
      <Extensions>h;hh;hpp;hxx;hm;inl;inc;ipp;xsd</Extensions>
    </Filter>
    <Filter Include="Resource Files">
      <UniqueIdentifier>{67DA6AB6-F800-4c08-8B7A-83BB121AAD01}</UniqueIdentifier>
      <Extensions>rc;ico;cur;bmp;dlg;rc2;rct;bin;rgs;gif;jpg;jpeg;jpe;resx;tiff;tif;png;wav;mfcribbon-ms</Extensions>
    </Filter>
    <Filter Include="Shaders">
      <UniqueIdentifier>{650f9927-45a1-4ea9-a005-58428eb0e97e}</UniqueIdentifier>
    </Filter>
    <Filter Include="Shaders\BasicShader">
      <UniqueIdentifier>{36e58ffa-5eb6-4794-8075-87d1434072ad}</UniqueIdentifier>
    </Filter>
    <Filter Include="Shaders\LightingShader">
      <UniqueIdentifier>{1d6bfd15-1181-45a8-84fa-8842463d9e06}</UniqueIdentifier>
    </Filter>
    <Filter Include="Shaders\DepthShader">
      <UniqueIdentifier>{52cb4df8-2fd8-4bd8-b439-04ebb0ebc57c}</UniqueIdentifier>
    </Filter>
    <Filter Include="Shaders\QuadShader">
      <UniqueIdentifier>{7df9581c-42c9-4d2f-82d2-95345199f083}</UniqueIdentifier>
    </Filter>
    <Filter Include="App">
      <UniqueIdentifier>{965fb4d5-e18b-4fa2-91fc-f1dc4fcedbbf}</UniqueIdentifier>
    </Filter>
    <Filter Include="ShaderPipelines">
      <UniqueIdentifier>{14b05349-0fe0-408a-9055-a8ff9ba8f930}</UniqueIdentifier>
    </Filter>
    <Filter Include="Shaders\SkyboxLightingShader">
      <UniqueIdentifier>{acff62ee-54a2-4548-83b8-2c48e869a847}</UniqueIdentifier>
    </Filter>
  </ItemGroup>
  <ItemGroup>
    <ClCompile Include="SquidEngine.cpp">
      <Filter>Source Files</Filter>
    </ClCompile>
    <ClCompile Include="Window.cpp">
      <Filter>Source Files</Filter>
    </ClCompile>
    <ClCompile Include="glad.c">
      <Filter>Source Files</Filter>
    </ClCompile>
    <ClCompile Include="Shape.cpp">
      <Filter>Source Files</Filter>
    </ClCompile>
    <ClCompile Include="Primitives.cpp">
      <Filter>Source Files</Filter>
    </ClCompile>
    <ClCompile Include="Camera.cpp">
      <Filter>Source Files</Filter>
    </ClCompile>
    <ClCompile Include="CameraFPS.cpp">
      <Filter>Source Files</Filter>
    </ClCompile>
    <ClCompile Include="Texture.cpp">
      <Filter>Source Files</Filter>
    </ClCompile>
    <ClCompile Include="MarchingCubeLookup.h">
      <Filter>Header Files</Filter>
    </ClCompile>
    <ClCompile Include="Model.cpp">
      <Filter>Source Files</Filter>
    </ClCompile>
    <ClCompile Include="Object3D.cpp">
      <Filter>Source Files</Filter>
    </ClCompile>
    <ClCompile Include="Materials.cpp">
      <Filter>Source Files</Filter>
    </ClCompile>
    <ClCompile Include="FrameBuffer.cpp">
      <Filter>Source Files</Filter>
    </ClCompile>
    <ClCompile Include="ScreenQuad.cpp">
      <Filter>Source Files</Filter>
    </ClCompile>
    <ClCompile Include="App.cpp">
      <Filter>App</Filter>
    </ClCompile>
    <ClCompile Include="Drawable.cpp">
      <Filter>Source Files</Filter>
    </ClCompile>
    <ClCompile Include="ShaderProgram2.cpp">
      <Filter>Source Files</Filter>
    </ClCompile>
    <ClCompile Include="BasicLightingShader.cpp">
      <Filter>Source Files</Filter>
    </ClCompile>
    <ClCompile Include="CubeMap.cpp">
      <Filter>Source Files</Filter>
    </ClCompile>
    <ClCompile Include="Cube.cpp">
      <Filter>Source Files</Filter>
    </ClCompile>
  </ItemGroup>
  <ItemGroup>
    <ClInclude Include="Window.h">
      <Filter>Header Files</Filter>
    </ClInclude>
    <ClInclude Include="SquidEngine.h">
      <Filter>Header Files</Filter>
    </ClInclude>
    <ClInclude Include="Primitives.h">
      <Filter>Header Files</Filter>
    </ClInclude>
    <ClInclude Include="Shape.h">
      <Filter>Header Files</Filter>
    </ClInclude>
    <ClInclude Include="Camera.h">
      <Filter>Header Files</Filter>
    </ClInclude>
    <ClInclude Include="CameraFPS.h">
      <Filter>Header Files</Filter>
    </ClInclude>
    <ClInclude Include="stb_image.h">
      <Filter>Header Files</Filter>
    </ClInclude>
    <ClInclude Include="Texture.h">
      <Filter>Header Files</Filter>
    </ClInclude>
    <ClInclude Include="Materials.h">
      <Filter>Header Files</Filter>
    </ClInclude>
    <ClInclude Include="stb_image_write.h">
      <Filter>Header Files</Filter>
    </ClInclude>
    <ClInclude Include="PerlinNoise.hpp">
      <Filter>Header Files</Filter>
    </ClInclude>
    <ClInclude Include="Light.h">
      <Filter>Header Files</Filter>
    </ClInclude>
    <ClInclude Include="Model.h">
      <Filter>Header Files</Filter>
    </ClInclude>
    <ClInclude Include="Object3D.h">
      <Filter>Header Files</Filter>
    </ClInclude>
    <ClInclude Include="Cube.h">
      <Filter>Header Files</Filter>
    </ClInclude>
    <ClInclude Include="FrameBuffer.h">
      <Filter>Header Files</Filter>
    </ClInclude>
    <ClInclude Include="ScreenQuad.h">
      <Filter>Header Files</Filter>
    </ClInclude>
    <ClInclude Include="EngineInstance.h">
      <Filter>Header Files</Filter>
    </ClInclude>
    <ClInclude Include="Drawable.h">
      <Filter>Header Files</Filter>
    </ClInclude>
    <ClInclude Include="ShaderProgram2.h">
      <Filter>Header Files</Filter>
    </ClInclude>
    <ClInclude Include="BasicLightingShader.h">
      <Filter>Header Files</Filter>
    </ClInclude>
    <ClInclude Include="Shader.h">
      <Filter>Header Files</Filter>
    </ClInclude>
    <ClInclude Include="App.h">
      <Filter>App</Filter>
    </ClInclude>
    <ClInclude Include="CubeMap.h">
      <Filter>Header Files</Filter>
    </ClInclude>
  </ItemGroup>
  <ItemGroup>
    <None Include="Shaders\BasicShader\BasicShader.vert">
      <Filter>Shaders\BasicShader</Filter>
    </None>
    <None Include="Shaders\BasicShader\BasicShader.frag">
      <Filter>Shaders\BasicShader</Filter>
    </None>
    <None Include="Shaders\LightingShader\LightingShader.vert">
      <Filter>Shaders\LightingShader</Filter>
    </None>
    <None Include="Shaders\LightingShader\LightingShader.frag">
      <Filter>Shaders\LightingShader</Filter>
    </None>
    <None Include="Shaders\DepthShader\DepthShader.vert">
      <Filter>Shaders\DepthShader</Filter>
    </None>
    <None Include="Shaders\DepthShader\DepthShader.frag">
      <Filter>Shaders\DepthShader</Filter>
    </None>
    <None Include="Shaders\QuadShader\QuadShader.frag">
      <Filter>Shaders\QuadShader</Filter>
    </None>
    <None Include="Shaders\QuadShader\QuadShader.vert">
      <Filter>Shaders\QuadShader</Filter>
    </None>
    <None Include="Shaders\SkyboxLightingShader\SkyboxShader.frag">
      <Filter>Shaders\SkyboxLightingShader</Filter>
    </None>
    <None Include="Shaders\SkyboxLightingShader\SkyboxShader.vert">
      <Filter>Shaders\SkyboxLightingShader</Filter>
    </None>
    <None Include="Shaders\SkyboxLightingShader\SkyboxLightingShader.frag">
      <Filter>Shaders\SkyboxLightingShader</Filter>
    </None>
    <None Include="Shaders\SkyboxLightingShader\SkyBoxLightingShader.vert">
      <Filter>Shaders\SkyboxLightingShader</Filter>
    </None>
  </ItemGroup>
</Project>